// !$*UTF8*$!
{
	archiveVersion = 1;
	classes = {
	};
	objectVersion = 50;
	objects = {

/* Begin PBXBuildFile section */
		07118F43230E0A4B00D3E1E4 /* AppDelegate.swift in Sources */ = {isa = PBXBuildFile; fileRef = 07118F42230E0A4B00D3E1E4 /* AppDelegate.swift */; };
		07118F45230E0A4B00D3E1E4 /* ViewController.swift in Sources */ = {isa = PBXBuildFile; fileRef = 07118F44230E0A4B00D3E1E4 /* ViewController.swift */; };
		07118F48230E0A4B00D3E1E4 /* Main.storyboard in Resources */ = {isa = PBXBuildFile; fileRef = 07118F46230E0A4B00D3E1E4 /* Main.storyboard */; };
		07118F4B230E0A4B00D3E1E4 /* Code_Challenge_LDS_Church.xcdatamodeld in Sources */ = {isa = PBXBuildFile; fileRef = 07118F49230E0A4B00D3E1E4 /* Code_Challenge_LDS_Church.xcdatamodeld */; };
		07118F4D230E0A4C00D3E1E4 /* Assets.xcassets in Resources */ = {isa = PBXBuildFile; fileRef = 07118F4C230E0A4C00D3E1E4 /* Assets.xcassets */; };
		07118F50230E0A4C00D3E1E4 /* LaunchScreen.storyboard in Resources */ = {isa = PBXBuildFile; fileRef = 07118F4E230E0A4C00D3E1E4 /* LaunchScreen.storyboard */; };
		07118F5B230E0A4C00D3E1E4 /* Code_Challenge_LDS_ChurchTests.swift in Sources */ = {isa = PBXBuildFile; fileRef = 07118F5A230E0A4C00D3E1E4 /* Code_Challenge_LDS_ChurchTests.swift */; };
		07118F66230E0A4C00D3E1E4 /* Code_Challenge_LDS_ChurchUITests.swift in Sources */ = {isa = PBXBuildFile; fileRef = 07118F65230E0A4C00D3E1E4 /* Code_Challenge_LDS_ChurchUITests.swift */; };
/* End PBXBuildFile section */

/* Begin PBXContainerItemProxy section */
		07118F57230E0A4C00D3E1E4 /* PBXContainerItemProxy */ = {
			isa = PBXContainerItemProxy;
			containerPortal = 07118F37230E0A4B00D3E1E4 /* Project object */;
			proxyType = 1;
			remoteGlobalIDString = 07118F3E230E0A4B00D3E1E4;
			remoteInfo = "Code Challenge-LDS Church";
		};
		07118F62230E0A4C00D3E1E4 /* PBXContainerItemProxy */ = {
			isa = PBXContainerItemProxy;
			containerPortal = 07118F37230E0A4B00D3E1E4 /* Project object */;
			proxyType = 1;
			remoteGlobalIDString = 07118F3E230E0A4B00D3E1E4;
			remoteInfo = "Code Challenge-LDS Church";
		};
/* End PBXContainerItemProxy section */

/* Begin PBXFileReference section */
		07118F3F230E0A4B00D3E1E4 /* Code Challenge-LDS Church.app */ = {isa = PBXFileReference; explicitFileType = wrapper.application; includeInIndex = 0; path = "Code Challenge-LDS Church.app"; sourceTree = BUILT_PRODUCTS_DIR; };
		07118F42230E0A4B00D3E1E4 /* AppDelegate.swift */ = {isa = PBXFileReference; lastKnownFileType = sourcecode.swift; path = AppDelegate.swift; sourceTree = "<group>"; };
		07118F44230E0A4B00D3E1E4 /* ViewController.swift */ = {isa = PBXFileReference; lastKnownFileType = sourcecode.swift; path = ViewController.swift; sourceTree = "<group>"; };
		07118F47230E0A4B00D3E1E4 /* Base */ = {isa = PBXFileReference; lastKnownFileType = file.storyboard; name = Base; path = Base.lproj/Main.storyboard; sourceTree = "<group>"; };
		07118F4A230E0A4B00D3E1E4 /* Code_Challenge_LDS_Church.xcdatamodel */ = {isa = PBXFileReference; lastKnownFileType = wrapper.xcdatamodel; path = Code_Challenge_LDS_Church.xcdatamodel; sourceTree = "<group>"; };
		07118F4C230E0A4C00D3E1E4 /* Assets.xcassets */ = {isa = PBXFileReference; lastKnownFileType = folder.assetcatalog; path = Assets.xcassets; sourceTree = "<group>"; };
		07118F4F230E0A4C00D3E1E4 /* Base */ = {isa = PBXFileReference; lastKnownFileType = file.storyboard; name = Base; path = Base.lproj/LaunchScreen.storyboard; sourceTree = "<group>"; };
		07118F51230E0A4C00D3E1E4 /* Info.plist */ = {isa = PBXFileReference; lastKnownFileType = text.plist.xml; path = Info.plist; sourceTree = "<group>"; };
		07118F56230E0A4C00D3E1E4 /* Code Challenge-LDS ChurchTests.xctest */ = {isa = PBXFileReference; explicitFileType = wrapper.cfbundle; includeInIndex = 0; path = "Code Challenge-LDS ChurchTests.xctest"; sourceTree = BUILT_PRODUCTS_DIR; };
		07118F5A230E0A4C00D3E1E4 /* Code_Challenge_LDS_ChurchTests.swift */ = {isa = PBXFileReference; lastKnownFileType = sourcecode.swift; path = Code_Challenge_LDS_ChurchTests.swift; sourceTree = "<group>"; };
		07118F5C230E0A4C00D3E1E4 /* Info.plist */ = {isa = PBXFileReference; lastKnownFileType = text.plist.xml; path = Info.plist; sourceTree = "<group>"; };
		07118F61230E0A4C00D3E1E4 /* Code Challenge-LDS ChurchUITests.xctest */ = {isa = PBXFileReference; explicitFileType = wrapper.cfbundle; includeInIndex = 0; path = "Code Challenge-LDS ChurchUITests.xctest"; sourceTree = BUILT_PRODUCTS_DIR; };
		07118F65230E0A4C00D3E1E4 /* Code_Challenge_LDS_ChurchUITests.swift */ = {isa = PBXFileReference; lastKnownFileType = sourcecode.swift; path = Code_Challenge_LDS_ChurchUITests.swift; sourceTree = "<group>"; };
		07118F67230E0A4C00D3E1E4 /* Info.plist */ = {isa = PBXFileReference; lastKnownFileType = text.plist.xml; path = Info.plist; sourceTree = "<group>"; };
/* End PBXFileReference section */

/* Begin PBXFrameworksBuildPhase section */
		07118F3C230E0A4B00D3E1E4 /* Frameworks */ = {
			isa = PBXFrameworksBuildPhase;
			buildActionMask = 2147483647;
			files = (
			);
			runOnlyForDeploymentPostprocessing = 0;
		};
		07118F53230E0A4C00D3E1E4 /* Frameworks */ = {
			isa = PBXFrameworksBuildPhase;
			buildActionMask = 2147483647;
			files = (
			);
			runOnlyForDeploymentPostprocessing = 0;
		};
		07118F5E230E0A4C00D3E1E4 /* Frameworks */ = {
			isa = PBXFrameworksBuildPhase;
			buildActionMask = 2147483647;
			files = (
			);
			runOnlyForDeploymentPostprocessing = 0;
		};
/* End PBXFrameworksBuildPhase section */

/* Begin PBXGroup section */
		07118F36230E0A4B00D3E1E4 = {
			isa = PBXGroup;
			children = (
				07118F41230E0A4B00D3E1E4 /* Code Challenge-LDS Church */,
				07118F59230E0A4C00D3E1E4 /* Code Challenge-LDS ChurchTests */,
				07118F64230E0A4C00D3E1E4 /* Code Challenge-LDS ChurchUITests */,
				07118F40230E0A4B00D3E1E4 /* Products */,
			);
			sourceTree = "<group>";
		};
		07118F40230E0A4B00D3E1E4 /* Products */ = {
			isa = PBXGroup;
			children = (
				07118F3F230E0A4B00D3E1E4 /* Code Challenge-LDS Church.app */,
				07118F56230E0A4C00D3E1E4 /* Code Challenge-LDS ChurchTests.xctest */,
				07118F61230E0A4C00D3E1E4 /* Code Challenge-LDS ChurchUITests.xctest */,
			);
			name = Products;
			sourceTree = "<group>";
		};
		07118F41230E0A4B00D3E1E4 /* Code Challenge-LDS Church */ = {
			isa = PBXGroup;
			children = (
				07118F42230E0A4B00D3E1E4 /* AppDelegate.swift */,
				07118F44230E0A4B00D3E1E4 /* ViewController.swift */,
				07118F46230E0A4B00D3E1E4 /* Main.storyboard */,
				07118F4C230E0A4C00D3E1E4 /* Assets.xcassets */,
				07118F4E230E0A4C00D3E1E4 /* LaunchScreen.storyboard */,
				07118F51230E0A4C00D3E1E4 /* Info.plist */,
				07118F49230E0A4B00D3E1E4 /* Code_Challenge_LDS_Church.xcdatamodeld */,
			);
			path = "Code Challenge-LDS Church";
			sourceTree = "<group>";
		};
		07118F59230E0A4C00D3E1E4 /* Code Challenge-LDS ChurchTests */ = {
			isa = PBXGroup;
			children = (
				07118F5A230E0A4C00D3E1E4 /* Code_Challenge_LDS_ChurchTests.swift */,
				07118F5C230E0A4C00D3E1E4 /* Info.plist */,
			);
			path = "Code Challenge-LDS ChurchTests";
			sourceTree = "<group>";
		};
		07118F64230E0A4C00D3E1E4 /* Code Challenge-LDS ChurchUITests */ = {
			isa = PBXGroup;
			children = (
				07118F65230E0A4C00D3E1E4 /* Code_Challenge_LDS_ChurchUITests.swift */,
				07118F67230E0A4C00D3E1E4 /* Info.plist */,
			);
			path = "Code Challenge-LDS ChurchUITests";
			sourceTree = "<group>";
		};
/* End PBXGroup section */

/* Begin PBXNativeTarget section */
		07118F3E230E0A4B00D3E1E4 /* Code Challenge-LDS Church */ = {
			isa = PBXNativeTarget;
			buildConfigurationList = 07118F6A230E0A4C00D3E1E4 /* Build configuration list for PBXNativeTarget "Code Challenge-LDS Church" */;
			buildPhases = (
				07118F3B230E0A4B00D3E1E4 /* Sources */,
				07118F3C230E0A4B00D3E1E4 /* Frameworks */,
				07118F3D230E0A4B00D3E1E4 /* Resources */,
			);
			buildRules = (
			);
			dependencies = (
			);
			name = "Code Challenge-LDS Church";
			productName = "Code Challenge-LDS Church";
			productReference = 07118F3F230E0A4B00D3E1E4 /* Code Challenge-LDS Church.app */;
			productType = "com.apple.product-type.application";
		};
		07118F55230E0A4C00D3E1E4 /* Code Challenge-LDS ChurchTests */ = {
			isa = PBXNativeTarget;
			buildConfigurationList = 07118F6D230E0A4C00D3E1E4 /* Build configuration list for PBXNativeTarget "Code Challenge-LDS ChurchTests" */;
			buildPhases = (
				07118F52230E0A4C00D3E1E4 /* Sources */,
				07118F53230E0A4C00D3E1E4 /* Frameworks */,
				07118F54230E0A4C00D3E1E4 /* Resources */,
			);
			buildRules = (
			);
			dependencies = (
				07118F58230E0A4C00D3E1E4 /* PBXTargetDependency */,
			);
			name = "Code Challenge-LDS ChurchTests";
			productName = "Code Challenge-LDS ChurchTests";
			productReference = 07118F56230E0A4C00D3E1E4 /* Code Challenge-LDS ChurchTests.xctest */;
			productType = "com.apple.product-type.bundle.unit-test";
		};
		07118F60230E0A4C00D3E1E4 /* Code Challenge-LDS ChurchUITests */ = {
			isa = PBXNativeTarget;
			buildConfigurationList = 07118F70230E0A4C00D3E1E4 /* Build configuration list for PBXNativeTarget "Code Challenge-LDS ChurchUITests" */;
			buildPhases = (
				07118F5D230E0A4C00D3E1E4 /* Sources */,
				07118F5E230E0A4C00D3E1E4 /* Frameworks */,
				07118F5F230E0A4C00D3E1E4 /* Resources */,
			);
			buildRules = (
			);
			dependencies = (
				07118F63230E0A4C00D3E1E4 /* PBXTargetDependency */,
			);
			name = "Code Challenge-LDS ChurchUITests";
			productName = "Code Challenge-LDS ChurchUITests";
			productReference = 07118F61230E0A4C00D3E1E4 /* Code Challenge-LDS ChurchUITests.xctest */;
			productType = "com.apple.product-type.bundle.ui-testing";
		};
/* End PBXNativeTarget section */

/* Begin PBXProject section */
		07118F37230E0A4B00D3E1E4 /* Project object */ = {
			isa = PBXProject;
			attributes = {
				LastSwiftUpdateCheck = 1020;
				LastUpgradeCheck = 1020;
				ORGANIZATIONNAME = christianrmonson;
				TargetAttributes = {
					07118F3E230E0A4B00D3E1E4 = {
						CreatedOnToolsVersion = 10.2.1;
					};
					07118F55230E0A4C00D3E1E4 = {
						CreatedOnToolsVersion = 10.2.1;
						TestTargetID = 07118F3E230E0A4B00D3E1E4;
					};
					07118F60230E0A4C00D3E1E4 = {
						CreatedOnToolsVersion = 10.2.1;
						TestTargetID = 07118F3E230E0A4B00D3E1E4;
					};
				};
			};
			buildConfigurationList = 07118F3A230E0A4B00D3E1E4 /* Build configuration list for PBXProject "Code Challenge-LDS Church" */;
			compatibilityVersion = "Xcode 9.3";
			developmentRegion = en;
			hasScannedForEncodings = 0;
			knownRegions = (
				en,
				Base,
			);
			mainGroup = 07118F36230E0A4B00D3E1E4;
			productRefGroup = 07118F40230E0A4B00D3E1E4 /* Products */;
			projectDirPath = "";
			projectRoot = "";
			targets = (
				07118F3E230E0A4B00D3E1E4 /* Code Challenge-LDS Church */,
				07118F55230E0A4C00D3E1E4 /* Code Challenge-LDS ChurchTests */,
				07118F60230E0A4C00D3E1E4 /* Code Challenge-LDS ChurchUITests */,
			);
		};
/* End PBXProject section */

/* Begin PBXResourcesBuildPhase section */
		07118F3D230E0A4B00D3E1E4 /* Resources */ = {
			isa = PBXResourcesBuildPhase;
			buildActionMask = 2147483647;
			files = (
				07118F50230E0A4C00D3E1E4 /* LaunchScreen.storyboard in Resources */,
				07118F4D230E0A4C00D3E1E4 /* Assets.xcassets in Resources */,
				07118F48230E0A4B00D3E1E4 /* Main.storyboard in Resources */,
			);
			runOnlyForDeploymentPostprocessing = 0;
		};
		07118F54230E0A4C00D3E1E4 /* Resources */ = {
			isa = PBXResourcesBuildPhase;
			buildActionMask = 2147483647;
			files = (
			);
			runOnlyForDeploymentPostprocessing = 0;
		};
		07118F5F230E0A4C00D3E1E4 /* Resources */ = {
			isa = PBXResourcesBuildPhase;
			buildActionMask = 2147483647;
			files = (
			);
			runOnlyForDeploymentPostprocessing = 0;
		};
/* End PBXResourcesBuildPhase section */

/* Begin PBXSourcesBuildPhase section */
		07118F3B230E0A4B00D3E1E4 /* Sources */ = {
			isa = PBXSourcesBuildPhase;
			buildActionMask = 2147483647;
			files = (
				07118F4B230E0A4B00D3E1E4 /* Code_Challenge_LDS_Church.xcdatamodeld in Sources */,
				07118F45230E0A4B00D3E1E4 /* ViewController.swift in Sources */,
				07118F43230E0A4B00D3E1E4 /* AppDelegate.swift in Sources */,
			);
			runOnlyForDeploymentPostprocessing = 0;
		};
		07118F52230E0A4C00D3E1E4 /* Sources */ = {
			isa = PBXSourcesBuildPhase;
			buildActionMask = 2147483647;
			files = (
				07118F5B230E0A4C00D3E1E4 /* Code_Challenge_LDS_ChurchTests.swift in Sources */,
			);
			runOnlyForDeploymentPostprocessing = 0;
		};
		07118F5D230E0A4C00D3E1E4 /* Sources */ = {
			isa = PBXSourcesBuildPhase;
			buildActionMask = 2147483647;
			files = (
				07118F66230E0A4C00D3E1E4 /* Code_Challenge_LDS_ChurchUITests.swift in Sources */,
			);
			runOnlyForDeploymentPostprocessing = 0;
		};
/* End PBXSourcesBuildPhase section */

/* Begin PBXTargetDependency section */
		07118F58230E0A4C00D3E1E4 /* PBXTargetDependency */ = {
			isa = PBXTargetDependency;
			target = 07118F3E230E0A4B00D3E1E4 /* Code Challenge-LDS Church */;
			targetProxy = 07118F57230E0A4C00D3E1E4 /* PBXContainerItemProxy */;
		};
		07118F63230E0A4C00D3E1E4 /* PBXTargetDependency */ = {
			isa = PBXTargetDependency;
			target = 07118F3E230E0A4B00D3E1E4 /* Code Challenge-LDS Church */;
			targetProxy = 07118F62230E0A4C00D3E1E4 /* PBXContainerItemProxy */;
		};
/* End PBXTargetDependency section */

/* Begin PBXVariantGroup section */
		07118F46230E0A4B00D3E1E4 /* Main.storyboard */ = {
			isa = PBXVariantGroup;
			children = (
				07118F47230E0A4B00D3E1E4 /* Base */,
			);
			name = Main.storyboard;
			sourceTree = "<group>";
		};
		07118F4E230E0A4C00D3E1E4 /* LaunchScreen.storyboard */ = {
			isa = PBXVariantGroup;
			children = (
				07118F4F230E0A4C00D3E1E4 /* Base */,
			);
			name = LaunchScreen.storyboard;
			sourceTree = "<group>";
		};
/* End PBXVariantGroup section */

/* Begin XCBuildConfiguration section */
		07118F68230E0A4C00D3E1E4 /* Debug */ = {
			isa = XCBuildConfiguration;
			buildSettings = {
				ALWAYS_SEARCH_USER_PATHS = NO;
				CLANG_ANALYZER_NONNULL = YES;
				CLANG_ANALYZER_NUMBER_OBJECT_CONVERSION = YES_AGGRESSIVE;
				CLANG_CXX_LANGUAGE_STANDARD = "gnu++14";
				CLANG_CXX_LIBRARY = "libc++";
				CLANG_ENABLE_MODULES = YES;
				CLANG_ENABLE_OBJC_ARC = YES;
				CLANG_ENABLE_OBJC_WEAK = YES;
				CLANG_WARN_BLOCK_CAPTURE_AUTORELEASING = YES;
				CLANG_WARN_BOOL_CONVERSION = YES;
				CLANG_WARN_COMMA = YES;
				CLANG_WARN_CONSTANT_CONVERSION = YES;
				CLANG_WARN_DEPRECATED_OBJC_IMPLEMENTATIONS = YES;
				CLANG_WARN_DIRECT_OBJC_ISA_USAGE = YES_ERROR;
				CLANG_WARN_DOCUMENTATION_COMMENTS = YES;
				CLANG_WARN_EMPTY_BODY = YES;
				CLANG_WARN_ENUM_CONVERSION = YES;
				CLANG_WARN_INFINITE_RECURSION = YES;
				CLANG_WARN_INT_CONVERSION = YES;
				CLANG_WARN_NON_LITERAL_NULL_CONVERSION = YES;
				CLANG_WARN_OBJC_IMPLICIT_RETAIN_SELF = YES;
				CLANG_WARN_OBJC_LITERAL_CONVERSION = YES;
				CLANG_WARN_OBJC_ROOT_CLASS = YES_ERROR;
				CLANG_WARN_RANGE_LOOP_ANALYSIS = YES;
				CLANG_WARN_STRICT_PROTOTYPES = YES;
				CLANG_WARN_SUSPICIOUS_MOVE = YES;
				CLANG_WARN_UNGUARDED_AVAILABILITY = YES_AGGRESSIVE;
				CLANG_WARN_UNREACHABLE_CODE = YES;
				CLANG_WARN__DUPLICATE_METHOD_MATCH = YES;
				CODE_SIGN_IDENTITY = "iPhone Developer";
				COPY_PHASE_STRIP = NO;
				DEBUG_INFORMATION_FORMAT = dwarf;
				ENABLE_STRICT_OBJC_MSGSEND = YES;
				ENABLE_TESTABILITY = YES;
				GCC_C_LANGUAGE_STANDARD = gnu11;
				GCC_DYNAMIC_NO_PIC = NO;
				GCC_NO_COMMON_BLOCKS = YES;
				GCC_OPTIMIZATION_LEVEL = 0;
				GCC_PREPROCESSOR_DEFINITIONS = (
					"DEBUG=1",
					"$(inherited)",
				);
				GCC_WARN_64_TO_32_BIT_CONVERSION = YES;
				GCC_WARN_ABOUT_RETURN_TYPE = YES_ERROR;
				GCC_WARN_UNDECLARED_SELECTOR = YES;
				GCC_WARN_UNINITIALIZED_AUTOS = YES_AGGRESSIVE;
				GCC_WARN_UNUSED_FUNCTION = YES;
				GCC_WARN_UNUSED_VARIABLE = YES;
				IPHONEOS_DEPLOYMENT_TARGET = 12.2;
				MTL_ENABLE_DEBUG_INFO = INCLUDE_SOURCE;
				MTL_FAST_MATH = YES;
				ONLY_ACTIVE_ARCH = YES;
				SDKROOT = iphoneos;
				SWIFT_ACTIVE_COMPILATION_CONDITIONS = DEBUG;
				SWIFT_OPTIMIZATION_LEVEL = "-Onone";
			};
			name = Debug;
		};
		07118F69230E0A4C00D3E1E4 /* Release */ = {
			isa = XCBuildConfiguration;
			buildSettings = {
				ALWAYS_SEARCH_USER_PATHS = NO;
				CLANG_ANALYZER_NONNULL = YES;
				CLANG_ANALYZER_NUMBER_OBJECT_CONVERSION = YES_AGGRESSIVE;
				CLANG_CXX_LANGUAGE_STANDARD = "gnu++14";
				CLANG_CXX_LIBRARY = "libc++";
				CLANG_ENABLE_MODULES = YES;
				CLANG_ENABLE_OBJC_ARC = YES;
				CLANG_ENABLE_OBJC_WEAK = YES;
				CLANG_WARN_BLOCK_CAPTURE_AUTORELEASING = YES;
				CLANG_WARN_BOOL_CONVERSION = YES;
				CLANG_WARN_COMMA = YES;
				CLANG_WARN_CONSTANT_CONVERSION = YES;
				CLANG_WARN_DEPRECATED_OBJC_IMPLEMENTATIONS = YES;
				CLANG_WARN_DIRECT_OBJC_ISA_USAGE = YES_ERROR;
				CLANG_WARN_DOCUMENTATION_COMMENTS = YES;
				CLANG_WARN_EMPTY_BODY = YES;
				CLANG_WARN_ENUM_CONVERSION = YES;
				CLANG_WARN_INFINITE_RECURSION = YES;
				CLANG_WARN_INT_CONVERSION = YES;
				CLANG_WARN_NON_LITERAL_NULL_CONVERSION = YES;
				CLANG_WARN_OBJC_IMPLICIT_RETAIN_SELF = YES;
				CLANG_WARN_OBJC_LITERAL_CONVERSION = YES;
				CLANG_WARN_OBJC_ROOT_CLASS = YES_ERROR;
				CLANG_WARN_RANGE_LOOP_ANALYSIS = YES;
				CLANG_WARN_STRICT_PROTOTYPES = YES;
				CLANG_WARN_SUSPICIOUS_MOVE = YES;
				CLANG_WARN_UNGUARDED_AVAILABILITY = YES_AGGRESSIVE;
				CLANG_WARN_UNREACHABLE_CODE = YES;
				CLANG_WARN__DUPLICATE_METHOD_MATCH = YES;
				CODE_SIGN_IDENTITY = "iPhone Developer";
				COPY_PHASE_STRIP = NO;
				DEBUG_INFORMATION_FORMAT = "dwarf-with-dsym";
				ENABLE_NS_ASSERTIONS = NO;
				ENABLE_STRICT_OBJC_MSGSEND = YES;
				GCC_C_LANGUAGE_STANDARD = gnu11;
				GCC_NO_COMMON_BLOCKS = YES;
				GCC_WARN_64_TO_32_BIT_CONVERSION = YES;
				GCC_WARN_ABOUT_RETURN_TYPE = YES_ERROR;
				GCC_WARN_UNDECLARED_SELECTOR = YES;
				GCC_WARN_UNINITIALIZED_AUTOS = YES_AGGRESSIVE;
				GCC_WARN_UNUSED_FUNCTION = YES;
				GCC_WARN_UNUSED_VARIABLE = YES;
				IPHONEOS_DEPLOYMENT_TARGET = 12.2;
				MTL_ENABLE_DEBUG_INFO = NO;
				MTL_FAST_MATH = YES;
				SDKROOT = iphoneos;
				SWIFT_COMPILATION_MODE = wholemodule;
				SWIFT_OPTIMIZATION_LEVEL = "-O";
				VALIDATE_PRODUCT = YES;
			};
			name = Release;
		};
		07118F6B230E0A4C00D3E1E4 /* Debug */ = {
			isa = XCBuildConfiguration;
			buildSettings = {
				ASSETCATALOG_COMPILER_APPICON_NAME = AppIcon;
				CODE_SIGN_STYLE = Automatic;
				DEVELOPMENT_TEAM = W4XSS6X3G6;
				INFOPLIST_FILE = "Code Challenge-LDS Church/Info.plist";
				LD_RUNPATH_SEARCH_PATHS = (
					"$(inherited)",
					"@executable_path/Frameworks",
				);
				PRODUCT_BUNDLE_IDENTIFIER = "com.christianrmonson.Code-Challenge-LDS-Church";
				PRODUCT_NAME = "$(TARGET_NAME)";
				SWIFT_VERSION = 5.0;
				TARGETED_DEVICE_FAMILY = "1,2";
			};
			name = Debug;
		};
		07118F6C230E0A4C00D3E1E4 /* Release */ = {
			isa = XCBuildConfiguration;
			buildSettings = {
				ASSETCATALOG_COMPILER_APPICON_NAME = AppIcon;
				CODE_SIGN_STYLE = Automatic;
				DEVELOPMENT_TEAM = W4XSS6X3G6;
				INFOPLIST_FILE = "Code Challenge-LDS Church/Info.plist";
				LD_RUNPATH_SEARCH_PATHS = (
					"$(inherited)",
					"@executable_path/Frameworks",
				);
				PRODUCT_BUNDLE_IDENTIFIER = "com.christianrmonson.Code-Challenge-LDS-Church";
				PRODUCT_NAME = "$(TARGET_NAME)";
				SWIFT_VERSION = 5.0;
				TARGETED_DEVICE_FAMILY = "1,2";
			};
			name = Release;
		};
		07118F6E230E0A4C00D3E1E4 /* Debug */ = {
			isa = XCBuildConfiguration;
			buildSettings = {
				ALWAYS_EMBED_SWIFT_STANDARD_LIBRARIES = YES;
				BUNDLE_LOADER = "$(TEST_HOST)";
				CODE_SIGN_STYLE = Automatic;
				DEVELOPMENT_TEAM = W4XSS6X3G6;
				INFOPLIST_FILE = "Code Challenge-LDS ChurchTests/Info.plist";
				LD_RUNPATH_SEARCH_PATHS = (
					"$(inherited)",
					"@executable_path/Frameworks",
					"@loader_path/Frameworks",
				);
				PRODUCT_BUNDLE_IDENTIFIER = "com.christianrmonson.Code-Challenge-LDS-ChurchTests";
				PRODUCT_NAME = "$(TARGET_NAME)";
				SWIFT_VERSION = 5.0;
				TARGETED_DEVICE_FAMILY = "1,2";
				TEST_HOST = "$(BUILT_PRODUCTS_DIR)/Code Challenge-LDS Church.app/Code Challenge-LDS Church";
			};
			name = Debug;
		};
		07118F6F230E0A4C00D3E1E4 /* Release */ = {
			isa = XCBuildConfiguration;
			buildSettings = {
				ALWAYS_EMBED_SWIFT_STANDARD_LIBRARIES = YES;
				BUNDLE_LOADER = "$(TEST_HOST)";
				CODE_SIGN_STYLE = Automatic;
				DEVELOPMENT_TEAM = W4XSS6X3G6;
				INFOPLIST_FILE = "Code Challenge-LDS ChurchTests/Info.plist";
				LD_RUNPATH_SEARCH_PATHS = (
					"$(inherited)",
					"@executable_path/Frameworks",
					"@loader_path/Frameworks",
				);
				PRODUCT_BUNDLE_IDENTIFIER = "com.christianrmonson.Code-Challenge-LDS-ChurchTests";
				PRODUCT_NAME = "$(TARGET_NAME)";
				SWIFT_VERSION = 5.0;
				TARGETED_DEVICE_FAMILY = "1,2";
				TEST_HOST = "$(BUILT_PRODUCTS_DIR)/Code Challenge-LDS Church.app/Code Challenge-LDS Church";
			};
			name = Release;
		};
		07118F71230E0A4C00D3E1E4 /* Debug */ = {
			isa = XCBuildConfiguration;
			buildSettings = {
				ALWAYS_EMBED_SWIFT_STANDARD_LIBRARIES = YES;
				CODE_SIGN_STYLE = Automatic;
				DEVELOPMENT_TEAM = W4XSS6X3G6;
				INFOPLIST_FILE = "Code Challenge-LDS ChurchUITests/Info.plist";
				LD_RUNPATH_SEARCH_PATHS = (
					"$(inherited)",
					"@executable_path/Frameworks",
					"@loader_path/Frameworks",
				);
				PRODUCT_BUNDLE_IDENTIFIER = "com.christianrmonson.Code-Challenge-LDS-ChurchUITests";
				PRODUCT_NAME = "$(TARGET_NAME)";
				SWIFT_VERSION = 5.0;
				TARGETED_DEVICE_FAMILY = "1,2";
				TEST_TARGET_NAME = "Code Challenge-LDS Church";
			};
			name = Debug;
		};
		07118F72230E0A4C00D3E1E4 /* Release */ = {
			isa = XCBuildConfiguration;
			buildSettings = {
				ALWAYS_EMBED_SWIFT_STANDARD_LIBRARIES = YES;
				CODE_SIGN_STYLE = Automatic;
				DEVELOPMENT_TEAM = W4XSS6X3G6;
				INFOPLIST_FILE = "Code Challenge-LDS ChurchUITests/Info.plist";
				LD_RUNPATH_SEARCH_PATHS = (
					"$(inherited)",
					"@executable_path/Frameworks",
					"@loader_path/Frameworks",
				);
				PRODUCT_BUNDLE_IDENTIFIER = "com.christianrmonson.Code-Challenge-LDS-ChurchUITests";
				PRODUCT_NAME = "$(TARGET_NAME)";
				SWIFT_VERSION = 5.0;
				TARGETED_DEVICE_FAMILY = "1,2";
				TEST_TARGET_NAME = "Code Challenge-LDS Church";
			};
			name = Release;
		};
/* End XCBuildConfiguration section */

/* Begin XCConfigurationList section */
		07118F3A230E0A4B00D3E1E4 /* Build configuration list for PBXProject "Code Challenge-LDS Church" */ = {
			isa = XCConfigurationList;
			buildConfigurations = (
				07118F68230E0A4C00D3E1E4 /* Debug */,
				07118F69230E0A4C00D3E1E4 /* Release */,
			);
			defaultConfigurationIsVisible = 0;
			defaultConfigurationName = Release;
		};
		07118F6A230E0A4C00D3E1E4 /* Build configuration list for PBXNativeTarget "Code Challenge-LDS Church" */ = {
			isa = XCConfigurationList;
			buildConfigurations = (
				07118F6B230E0A4C00D3E1E4 /* Debug */,
				07118F6C230E0A4C00D3E1E4 /* Release */,
			);
			defaultConfigurationIsVisible = 0;
			defaultConfigurationName = Release;
		};
		07118F6D230E0A4C00D3E1E4 /* Build configuration list for PBXNativeTarget "Code Challenge-LDS ChurchTests" */ = {
			isa = XCConfigurationList;
			buildConfigurations = (
				07118F6E230E0A4C00D3E1E4 /* Debug */,
				07118F6F230E0A4C00D3E1E4 /* Release */,
			);
			defaultConfigurationIsVisible = 0;
			defaultConfigurationName = Release;
		};
		07118F70230E0A4C00D3E1E4 /* Build configuration list for PBXNativeTarget "Code Challenge-LDS ChurchUITests" */ = {
			isa = XCConfigurationList;
			buildConfigurations = (
				07118F71230E0A4C00D3E1E4 /* Debug */,
				07118F72230E0A4C00D3E1E4 /* Release */,
			);
			defaultConfigurationIsVisible = 0;
			defaultConfigurationName = Release;
		};
/* End XCConfigurationList section */

/* Begin XCVersionGroup section */
		07118F49230E0A4B00D3E1E4 /* Code_Challenge_LDS_Church.xcdatamodeld */ = {
			isa = XCVersionGroup;
			children = (
				07118F4A230E0A4B00D3E1E4 /* Code_Challenge_LDS_Church.xcdatamodel */,
			);
			currentVersion = 07118F4A230E0A4B00D3E1E4 /* Code_Challenge_LDS_Church.xcdatamodel */;
			path = Code_Challenge_LDS_Church.xcdatamodeld;
			sourceTree = "<group>";
			versionGroupType = wrapper.xcdatamodel;
		};
/* End XCVersionGroup section */
	};
	rootObject = 07118F37230E0A4B00D3E1E4 /* Project object */;
}
